// !$*UTF8*$!
{
	archiveVersion = 1;
	classes = {
	};
	objectVersion = 56;
	objects = {

/* Begin PBXBuildFile section */
		D3333A2F2A3DB6F400017F82 /* MapViewController.swift in Sources */ = {isa = PBXBuildFile; fileRef = D3333A2E2A3DB6F400017F82 /* MapViewController.swift */; };
		D39EDE032A35B92A00000AC3 /* AppDelegate.swift in Sources */ = {isa = PBXBuildFile; fileRef = D39EDE022A35B92A00000AC3 /* AppDelegate.swift */; };
		D39EDE052A35B92A00000AC3 /* SceneDelegate.swift in Sources */ = {isa = PBXBuildFile; fileRef = D39EDE042A35B92A00000AC3 /* SceneDelegate.swift */; };
		D39EDE072A35B92A00000AC3 /* ConversionViewController.swift in Sources */ = {isa = PBXBuildFile; fileRef = D39EDE062A35B92A00000AC3 /* ConversionViewController.swift */; };
		D39EDE0A2A35B92A00000AC3 /* Main.storyboard in Resources */ = {isa = PBXBuildFile; fileRef = D39EDE082A35B92A00000AC3 /* Main.storyboard */; };
		D39EDE0C2A35B92C00000AC3 /* Assets.xcassets in Resources */ = {isa = PBXBuildFile; fileRef = D39EDE0B2A35B92C00000AC3 /* Assets.xcassets */; };
		D39EDE0F2A35B92C00000AC3 /* LaunchScreen.storyboard in Resources */ = {isa = PBXBuildFile; fileRef = D39EDE0D2A35B92C00000AC3 /* LaunchScreen.storyboard */; };
		D39EDE1A2A35B92C00000AC3 /* WorldTrotterTests.swift in Sources */ = {isa = PBXBuildFile; fileRef = D39EDE192A35B92C00000AC3 /* WorldTrotterTests.swift */; };
		D39EDE242A35B92C00000AC3 /* WorldTrotterUITests.swift in Sources */ = {isa = PBXBuildFile; fileRef = D39EDE232A35B92C00000AC3 /* WorldTrotterUITests.swift */; };
		D39EDE262A35B92C00000AC3 /* WorldTrotterUITestsLaunchTests.swift in Sources */ = {isa = PBXBuildFile; fileRef = D39EDE252A35B92C00000AC3 /* WorldTrotterUITestsLaunchTests.swift */; };
/* End PBXBuildFile section */

/* Begin PBXContainerItemProxy section */
		D39EDE162A35B92C00000AC3 /* PBXContainerItemProxy */ = {
			isa = PBXContainerItemProxy;
			containerPortal = D39EDDF72A35B92A00000AC3 /* Project object */;
			proxyType = 1;
			remoteGlobalIDString = D39EDDFE2A35B92A00000AC3;
			remoteInfo = WorldTrotter;
		};
		D39EDE202A35B92C00000AC3 /* PBXContainerItemProxy */ = {
			isa = PBXContainerItemProxy;
			containerPortal = D39EDDF72A35B92A00000AC3 /* Project object */;
			proxyType = 1;
			remoteGlobalIDString = D39EDDFE2A35B92A00000AC3;
			remoteInfo = WorldTrotter;
		};
/* End PBXContainerItemProxy section */

/* Begin PBXFileReference section */
		D3333A2E2A3DB6F400017F82 /* MapViewController.swift */ = {isa = PBXFileReference; lastKnownFileType = sourcecode.swift; path = MapViewController.swift; sourceTree = "<group>"; };
		D39EDDFF2A35B92A00000AC3 /* WorldTrotter.app */ = {isa = PBXFileReference; explicitFileType = wrapper.application; includeInIndex = 0; path = WorldTrotter.app; sourceTree = BUILT_PRODUCTS_DIR; };
		D39EDE022A35B92A00000AC3 /* AppDelegate.swift */ = {isa = PBXFileReference; lastKnownFileType = sourcecode.swift; path = AppDelegate.swift; sourceTree = "<group>"; };
		D39EDE042A35B92A00000AC3 /* SceneDelegate.swift */ = {isa = PBXFileReference; lastKnownFileType = sourcecode.swift; path = SceneDelegate.swift; sourceTree = "<group>"; };
		D39EDE062A35B92A00000AC3 /* ConversionViewController.swift */ = {isa = PBXFileReference; lastKnownFileType = sourcecode.swift; path = ConversionViewController.swift; sourceTree = "<group>"; };
		D39EDE092A35B92A00000AC3 /* Base */ = {isa = PBXFileReference; lastKnownFileType = file.storyboard; name = Base; path = Base.lproj/Main.storyboard; sourceTree = "<group>"; };
		D39EDE0B2A35B92C00000AC3 /* Assets.xcassets */ = {isa = PBXFileReference; lastKnownFileType = folder.assetcatalog; path = Assets.xcassets; sourceTree = "<group>"; };
		D39EDE0E2A35B92C00000AC3 /* Base */ = {isa = PBXFileReference; lastKnownFileType = file.storyboard; name = Base; path = Base.lproj/LaunchScreen.storyboard; sourceTree = "<group>"; };
		D39EDE102A35B92C00000AC3 /* Info.plist */ = {isa = PBXFileReference; lastKnownFileType = text.plist.xml; path = Info.plist; sourceTree = "<group>"; };
		D39EDE152A35B92C00000AC3 /* WorldTrotterTests.xctest */ = {isa = PBXFileReference; explicitFileType = wrapper.cfbundle; includeInIndex = 0; path = WorldTrotterTests.xctest; sourceTree = BUILT_PRODUCTS_DIR; };
		D39EDE192A35B92C00000AC3 /* WorldTrotterTests.swift */ = {isa = PBXFileReference; lastKnownFileType = sourcecode.swift; path = WorldTrotterTests.swift; sourceTree = "<group>"; };
		D39EDE1F2A35B92C00000AC3 /* WorldTrotterUITests.xctest */ = {isa = PBXFileReference; explicitFileType = wrapper.cfbundle; includeInIndex = 0; path = WorldTrotterUITests.xctest; sourceTree = BUILT_PRODUCTS_DIR; };
		D39EDE232A35B92C00000AC3 /* WorldTrotterUITests.swift */ = {isa = PBXFileReference; lastKnownFileType = sourcecode.swift; path = WorldTrotterUITests.swift; sourceTree = "<group>"; };
		D39EDE252A35B92C00000AC3 /* WorldTrotterUITestsLaunchTests.swift */ = {isa = PBXFileReference; lastKnownFileType = sourcecode.swift; path = WorldTrotterUITestsLaunchTests.swift; sourceTree = "<group>"; };
/* End PBXFileReference section */

/* Begin PBXFrameworksBuildPhase section */
		D39EDDFC2A35B92A00000AC3 /* Frameworks */ = {
			isa = PBXFrameworksBuildPhase;
			buildActionMask = 2147483647;
			files = (
			);
			runOnlyForDeploymentPostprocessing = 0;
		};
		D39EDE122A35B92C00000AC3 /* Frameworks */ = {
			isa = PBXFrameworksBuildPhase;
			buildActionMask = 2147483647;
			files = (
			);
			runOnlyForDeploymentPostprocessing = 0;
		};
		D39EDE1C2A35B92C00000AC3 /* Frameworks */ = {
			isa = PBXFrameworksBuildPhase;
			buildActionMask = 2147483647;
			files = (
			);
			runOnlyForDeploymentPostprocessing = 0;
		};
/* End PBXFrameworksBuildPhase section */

/* Begin PBXGroup section */
		D39EDDF62A35B92A00000AC3 = {
			isa = PBXGroup;
			children = (
				D39EDE012A35B92A00000AC3 /* WorldTrotter */,
				D39EDE182A35B92C00000AC3 /* WorldTrotterTests */,
				D39EDE222A35B92C00000AC3 /* WorldTrotterUITests */,
				D39EDE002A35B92A00000AC3 /* Products */,
			);
			sourceTree = "<group>";
		};
		D39EDE002A35B92A00000AC3 /* Products */ = {
			isa = PBXGroup;
			children = (
				D39EDDFF2A35B92A00000AC3 /* WorldTrotter.app */,
				D39EDE152A35B92C00000AC3 /* WorldTrotterTests.xctest */,
				D39EDE1F2A35B92C00000AC3 /* WorldTrotterUITests.xctest */,
			);
			name = Products;
			sourceTree = "<group>";
		};
		D39EDE012A35B92A00000AC3 /* WorldTrotter */ = {
			isa = PBXGroup;
			children = (
				D39EDE022A35B92A00000AC3 /* AppDelegate.swift */,
				D39EDE042A35B92A00000AC3 /* SceneDelegate.swift */,
				D3333A2E2A3DB6F400017F82 /* MapViewController.swift */,
				D39EDE062A35B92A00000AC3 /* ConversionViewController.swift */,
				D39EDE082A35B92A00000AC3 /* Main.storyboard */,
				D39EDE0B2A35B92C00000AC3 /* Assets.xcassets */,
				D39EDE0D2A35B92C00000AC3 /* LaunchScreen.storyboard */,
				D39EDE102A35B92C00000AC3 /* Info.plist */,
			);
			path = WorldTrotter;
			sourceTree = "<group>";
		};
		D39EDE182A35B92C00000AC3 /* WorldTrotterTests */ = {
			isa = PBXGroup;
			children = (
				D39EDE192A35B92C00000AC3 /* WorldTrotterTests.swift */,
			);
			path = WorldTrotterTests;
			sourceTree = "<group>";
		};
		D39EDE222A35B92C00000AC3 /* WorldTrotterUITests */ = {
			isa = PBXGroup;
			children = (
				D39EDE232A35B92C00000AC3 /* WorldTrotterUITests.swift */,
				D39EDE252A35B92C00000AC3 /* WorldTrotterUITestsLaunchTests.swift */,
			);
			path = WorldTrotterUITests;
			sourceTree = "<group>";
		};
/* End PBXGroup section */

/* Begin PBXNativeTarget section */
		D39EDDFE2A35B92A00000AC3 /* WorldTrotter */ = {
			isa = PBXNativeTarget;
			buildConfigurationList = D39EDE292A35B92C00000AC3 /* Build configuration list for PBXNativeTarget "WorldTrotter" */;
			buildPhases = (
				D39EDDFB2A35B92A00000AC3 /* Sources */,
				D39EDDFC2A35B92A00000AC3 /* Frameworks */,
				D39EDDFD2A35B92A00000AC3 /* Resources */,
			);
			buildRules = (
			);
			dependencies = (
			);
			name = WorldTrotter;
			productName = WorldTrotter;
			productReference = D39EDDFF2A35B92A00000AC3 /* WorldTrotter.app */;
			productType = "com.apple.product-type.application";
		};
		D39EDE142A35B92C00000AC3 /* WorldTrotterTests */ = {
			isa = PBXNativeTarget;
			buildConfigurationList = D39EDE2C2A35B92C00000AC3 /* Build configuration list for PBXNativeTarget "WorldTrotterTests" */;
			buildPhases = (
				D39EDE112A35B92C00000AC3 /* Sources */,
				D39EDE122A35B92C00000AC3 /* Frameworks */,
				D39EDE132A35B92C00000AC3 /* Resources */,
			);
			buildRules = (
			);
			dependencies = (
				D39EDE172A35B92C00000AC3 /* PBXTargetDependency */,
			);
			name = WorldTrotterTests;
			productName = WorldTrotterTests;
			productReference = D39EDE152A35B92C00000AC3 /* WorldTrotterTests.xctest */;
			productType = "com.apple.product-type.bundle.unit-test";
		};
		D39EDE1E2A35B92C00000AC3 /* WorldTrotterUITests */ = {
			isa = PBXNativeTarget;
			buildConfigurationList = D39EDE2F2A35B92C00000AC3 /* Build configuration list for PBXNativeTarget "WorldTrotterUITests" */;
			buildPhases = (
				D39EDE1B2A35B92C00000AC3 /* Sources */,
				D39EDE1C2A35B92C00000AC3 /* Frameworks */,
				D39EDE1D2A35B92C00000AC3 /* Resources */,
			);
			buildRules = (
			);
			dependencies = (
				D39EDE212A35B92C00000AC3 /* PBXTargetDependency */,
			);
			name = WorldTrotterUITests;
			productName = WorldTrotterUITests;
			productReference = D39EDE1F2A35B92C00000AC3 /* WorldTrotterUITests.xctest */;
			productType = "com.apple.product-type.bundle.ui-testing";
		};
/* End PBXNativeTarget section */

/* Begin PBXProject section */
		D39EDDF72A35B92A00000AC3 /* Project object */ = {
			isa = PBXProject;
			attributes = {
				BuildIndependentTargetsInParallel = 1;
				LastSwiftUpdateCheck = 1430;
				LastUpgradeCheck = 1430;
				TargetAttributes = {
					D39EDDFE2A35B92A00000AC3 = {
						CreatedOnToolsVersion = 14.3.1;
					};
					D39EDE142A35B92C00000AC3 = {
						CreatedOnToolsVersion = 14.3.1;
						TestTargetID = D39EDDFE2A35B92A00000AC3;
					};
					D39EDE1E2A35B92C00000AC3 = {
						CreatedOnToolsVersion = 14.3.1;
						TestTargetID = D39EDDFE2A35B92A00000AC3;
					};
				};
			};
			buildConfigurationList = D39EDDFA2A35B92A00000AC3 /* Build configuration list for PBXProject "WorldTrotter" */;
			compatibilityVersion = "Xcode 14.0";
			developmentRegion = en;
			hasScannedForEncodings = 0;
			knownRegions = (
				en,
				Base,
			);
			mainGroup = D39EDDF62A35B92A00000AC3;
			productRefGroup = D39EDE002A35B92A00000AC3 /* Products */;
			projectDirPath = "";
			projectRoot = "";
			targets = (
				D39EDDFE2A35B92A00000AC3 /* WorldTrotter */,
				D39EDE142A35B92C00000AC3 /* WorldTrotterTests */,
				D39EDE1E2A35B92C00000AC3 /* WorldTrotterUITests */,
			);
		};
/* End PBXProject section */

/* Begin PBXResourcesBuildPhase section */
		D39EDDFD2A35B92A00000AC3 /* Resources */ = {
			isa = PBXResourcesBuildPhase;
			buildActionMask = 2147483647;
			files = (
				D39EDE0F2A35B92C00000AC3 /* LaunchScreen.storyboard in Resources */,
				D39EDE0C2A35B92C00000AC3 /* Assets.xcassets in Resources */,
				D39EDE0A2A35B92A00000AC3 /* Main.storyboard in Resources */,
			);
			runOnlyForDeploymentPostprocessing = 0;
		};
		D39EDE132A35B92C00000AC3 /* Resources */ = {
			isa = PBXResourcesBuildPhase;
			buildActionMask = 2147483647;
			files = (
			);
			runOnlyForDeploymentPostprocessing = 0;
		};
		D39EDE1D2A35B92C00000AC3 /* Resources */ = {
			isa = PBXResourcesBuildPhase;
			buildActionMask = 2147483647;
			files = (
			);
			runOnlyForDeploymentPostprocessing = 0;
		};
/* End PBXResourcesBuildPhase section */

/* Begin PBXSourcesBuildPhase section */
		D39EDDFB2A35B92A00000AC3 /* Sources */ = {
			isa = PBXSourcesBuildPhase;
			buildActionMask = 2147483647;
			files = (
				D39EDE072A35B92A00000AC3 /* ConversionViewController.swift in Sources */,
				D39EDE032A35B92A00000AC3 /* AppDelegate.swift in Sources */,
				D39EDE052A35B92A00000AC3 /* SceneDelegate.swift in Sources */,
				D3333A2F2A3DB6F400017F82 /* MapViewController.swift in Sources */,
			);
			runOnlyForDeploymentPostprocessing = 0;
		};
		D39EDE112A35B92C00000AC3 /* Sources */ = {
			isa = PBXSourcesBuildPhase;
			buildActionMask = 2147483647;
			files = (
				D39EDE1A2A35B92C00000AC3 /* WorldTrotterTests.swift in Sources */,
			);
			runOnlyForDeploymentPostprocessing = 0;
		};
		D39EDE1B2A35B92C00000AC3 /* Sources */ = {
			isa = PBXSourcesBuildPhase;
			buildActionMask = 2147483647;
			files = (
				D39EDE262A35B92C00000AC3 /* WorldTrotterUITestsLaunchTests.swift in Sources */,
				D39EDE242A35B92C00000AC3 /* WorldTrotterUITests.swift in Sources */,
			);
			runOnlyForDeploymentPostprocessing = 0;
		};
/* End PBXSourcesBuildPhase section */

/* Begin PBXTargetDependency section */
		D39EDE172A35B92C00000AC3 /* PBXTargetDependency */ = {
			isa = PBXTargetDependency;
			target = D39EDDFE2A35B92A00000AC3 /* WorldTrotter */;
			targetProxy = D39EDE162A35B92C00000AC3 /* PBXContainerItemProxy */;
		};
		D39EDE212A35B92C00000AC3 /* PBXTargetDependency */ = {
			isa = PBXTargetDependency;
			target = D39EDDFE2A35B92A00000AC3 /* WorldTrotter */;
			targetProxy = D39EDE202A35B92C00000AC3 /* PBXContainerItemProxy */;
		};
/* End PBXTargetDependency section */

/* Begin PBXVariantGroup section */
		D39EDE082A35B92A00000AC3 /* Main.storyboard */ = {
			isa = PBXVariantGroup;
			children = (
				D39EDE092A35B92A00000AC3 /* Base */,
			);
			name = Main.storyboard;
			sourceTree = "<group>";
		};
		D39EDE0D2A35B92C00000AC3 /* LaunchScreen.storyboard */ = {
			isa = PBXVariantGroup;
			children = (
				D39EDE0E2A35B92C00000AC3 /* Base */,
			);
			name = LaunchScreen.storyboard;
			sourceTree = "<group>";
		};
/* End PBXVariantGroup section */

/* Begin XCBuildConfiguration section */
		D39EDE272A35B92C00000AC3 /* Debug */ = {
			isa = XCBuildConfiguration;
			buildSettings = {
				ALWAYS_SEARCH_USER_PATHS = NO;
				CLANG_ANALYZER_NONNULL = YES;
				CLANG_ANALYZER_NUMBER_OBJECT_CONVERSION = YES_AGGRESSIVE;
				CLANG_CXX_LANGUAGE_STANDARD = "gnu++20";
				CLANG_ENABLE_MODULES = YES;
				CLANG_ENABLE_OBJC_ARC = YES;
				CLANG_ENABLE_OBJC_WEAK = YES;
				CLANG_WARN_BLOCK_CAPTURE_AUTORELEASING = YES;
				CLANG_WARN_BOOL_CONVERSION = YES;
				CLANG_WARN_COMMA = YES;
				CLANG_WARN_CONSTANT_CONVERSION = YES;
				CLANG_WARN_DEPRECATED_OBJC_IMPLEMENTATIONS = YES;
				CLANG_WARN_DIRECT_OBJC_ISA_USAGE = YES_ERROR;
				CLANG_WARN_DOCUMENTATION_COMMENTS = YES;
				CLANG_WARN_EMPTY_BODY = YES;
				CLANG_WARN_ENUM_CONVERSION = YES;
				CLANG_WARN_INFINITE_RECURSION = YES;
				CLANG_WARN_INT_CONVERSION = YES;
				CLANG_WARN_NON_LITERAL_NULL_CONVERSION = YES;
				CLANG_WARN_OBJC_IMPLICIT_RETAIN_SELF = YES;
				CLANG_WARN_OBJC_LITERAL_CONVERSION = YES;
				CLANG_WARN_OBJC_ROOT_CLASS = YES_ERROR;
				CLANG_WARN_QUOTED_INCLUDE_IN_FRAMEWORK_HEADER = YES;
				CLANG_WARN_RANGE_LOOP_ANALYSIS = YES;
				CLANG_WARN_STRICT_PROTOTYPES = YES;
				CLANG_WARN_SUSPICIOUS_MOVE = YES;
				CLANG_WARN_UNGUARDED_AVAILABILITY = YES_AGGRESSIVE;
				CLANG_WARN_UNREACHABLE_CODE = YES;
				CLANG_WARN__DUPLICATE_METHOD_MATCH = YES;
				COPY_PHASE_STRIP = NO;
				DEBUG_INFORMATION_FORMAT = dwarf;
				ENABLE_STRICT_OBJC_MSGSEND = YES;
				ENABLE_TESTABILITY = YES;
				GCC_C_LANGUAGE_STANDARD = gnu11;
				GCC_DYNAMIC_NO_PIC = NO;
				GCC_NO_COMMON_BLOCKS = YES;
				GCC_OPTIMIZATION_LEVEL = 0;
				GCC_PREPROCESSOR_DEFINITIONS = (
					"DEBUG=1",
					"$(inherited)",
				);
				GCC_WARN_64_TO_32_BIT_CONVERSION = YES;
				GCC_WARN_ABOUT_RETURN_TYPE = YES_ERROR;
				GCC_WARN_UNDECLARED_SELECTOR = YES;
				GCC_WARN_UNINITIALIZED_AUTOS = YES_AGGRESSIVE;
				GCC_WARN_UNUSED_FUNCTION = YES;
				GCC_WARN_UNUSED_VARIABLE = YES;
				IPHONEOS_DEPLOYMENT_TARGET = 16.4;
				MTL_ENABLE_DEBUG_INFO = INCLUDE_SOURCE;
				MTL_FAST_MATH = YES;
				ONLY_ACTIVE_ARCH = YES;
				SDKROOT = iphoneos;
				SWIFT_ACTIVE_COMPILATION_CONDITIONS = DEBUG;
				SWIFT_OPTIMIZATION_LEVEL = "-Onone";
			};
			name = Debug;
		};
		D39EDE282A35B92C00000AC3 /* Release */ = {
			isa = XCBuildConfiguration;
			buildSettings = {
				ALWAYS_SEARCH_USER_PATHS = NO;
				CLANG_ANALYZER_NONNULL = YES;
				CLANG_ANALYZER_NUMBER_OBJECT_CONVERSION = YES_AGGRESSIVE;
				CLANG_CXX_LANGUAGE_STANDARD = "gnu++20";
				CLANG_ENABLE_MODULES = YES;
				CLANG_ENABLE_OBJC_ARC = YES;
				CLANG_ENABLE_OBJC_WEAK = YES;
				CLANG_WARN_BLOCK_CAPTURE_AUTORELEASING = YES;
				CLANG_WARN_BOOL_CONVERSION = YES;
				CLANG_WARN_COMMA = YES;
				CLANG_WARN_CONSTANT_CONVERSION = YES;
				CLANG_WARN_DEPRECATED_OBJC_IMPLEMENTATIONS = YES;
				CLANG_WARN_DIRECT_OBJC_ISA_USAGE = YES_ERROR;
				CLANG_WARN_DOCUMENTATION_COMMENTS = YES;
				CLANG_WARN_EMPTY_BODY = YES;
				CLANG_WARN_ENUM_CONVERSION = YES;
				CLANG_WARN_INFINITE_RECURSION = YES;
				CLANG_WARN_INT_CONVERSION = YES;
				CLANG_WARN_NON_LITERAL_NULL_CONVERSION = YES;
				CLANG_WARN_OBJC_IMPLICIT_RETAIN_SELF = YES;
				CLANG_WARN_OBJC_LITERAL_CONVERSION = YES;
				CLANG_WARN_OBJC_ROOT_CLASS = YES_ERROR;
				CLANG_WARN_QUOTED_INCLUDE_IN_FRAMEWORK_HEADER = YES;
				CLANG_WARN_RANGE_LOOP_ANALYSIS = YES;
				CLANG_WARN_STRICT_PROTOTYPES = YES;
				CLANG_WARN_SUSPICIOUS_MOVE = YES;
				CLANG_WARN_UNGUARDED_AVAILABILITY = YES_AGGRESSIVE;
				CLANG_WARN_UNREACHABLE_CODE = YES;
				CLANG_WARN__DUPLICATE_METHOD_MATCH = YES;
				COPY_PHASE_STRIP = NO;
				DEBUG_INFORMATION_FORMAT = "dwarf-with-dsym";
				ENABLE_NS_ASSERTIONS = NO;
				ENABLE_STRICT_OBJC_MSGSEND = YES;
				GCC_C_LANGUAGE_STANDARD = gnu11;
				GCC_NO_COMMON_BLOCKS = YES;
				GCC_WARN_64_TO_32_BIT_CONVERSION = YES;
				GCC_WARN_ABOUT_RETURN_TYPE = YES_ERROR;
				GCC_WARN_UNDECLARED_SELECTOR = YES;
				GCC_WARN_UNINITIALIZED_AUTOS = YES_AGGRESSIVE;
				GCC_WARN_UNUSED_FUNCTION = YES;
				GCC_WARN_UNUSED_VARIABLE = YES;
				IPHONEOS_DEPLOYMENT_TARGET = 16.4;
				MTL_ENABLE_DEBUG_INFO = NO;
				MTL_FAST_MATH = YES;
				SDKROOT = iphoneos;
				SWIFT_COMPILATION_MODE = wholemodule;
				SWIFT_OPTIMIZATION_LEVEL = "-O";
				VALIDATE_PRODUCT = YES;
			};
			name = Release;
		};
		D39EDE2A2A35B92C00000AC3 /* Debug */ = {
			isa = XCBuildConfiguration;
			buildSettings = {
				ASSETCATALOG_COMPILER_APPICON_NAME = AppIcon;
				ASSETCATALOG_COMPILER_GLOBAL_ACCENT_COLOR_NAME = AccentColor;
				CODE_SIGN_STYLE = Automatic;
				CURRENT_PROJECT_VERSION = 1;
				DEVELOPMENT_TEAM = KV5QRVBUC3;
				GENERATE_INFOPLIST_FILE = YES;
				INFOPLIST_FILE = WorldTrotter/Info.plist;
				INFOPLIST_KEY_UIApplicationSupportsIndirectInputEvents = YES;
				INFOPLIST_KEY_UILaunchStoryboardName = LaunchScreen;
				INFOPLIST_KEY_UIMainStoryboardFile = Main;
				INFOPLIST_KEY_UISupportedInterfaceOrientations_iPad = "UIInterfaceOrientationPortrait UIInterfaceOrientationPortraitUpsideDown UIInterfaceOrientationLandscapeLeft UIInterfaceOrientationLandscapeRight";
				INFOPLIST_KEY_UISupportedInterfaceOrientations_iPhone = "UIInterfaceOrientationPortrait UIInterfaceOrientationLandscapeLeft UIInterfaceOrientationLandscapeRight";
				LD_RUNPATH_SEARCH_PATHS = (
					"$(inherited)",
					"@executable_path/Frameworks",
				);
				MARKETING_VERSION = 1.0;
				PRODUCT_BUNDLE_IDENTIFIER = com.sontran.WorldTrotter;
				PRODUCT_NAME = "$(TARGET_NAME)";
				SWIFT_EMIT_LOC_STRINGS = YES;
				SWIFT_VERSION = 5.0;
				TARGETED_DEVICE_FAMILY = "1,2";
			};
			name = Debug;
		};
		D39EDE2B2A35B92C00000AC3 /* Release */ = {
			isa = XCBuildConfiguration;
			buildSettings = {
				ASSETCATALOG_COMPILER_APPICON_NAME = AppIcon;
				ASSETCATALOG_COMPILER_GLOBAL_ACCENT_COLOR_NAME = AccentColor;
				CODE_SIGN_STYLE = Automatic;
				CURRENT_PROJECT_VERSION = 1;
				DEVELOPMENT_TEAM = KV5QRVBUC3;
				GENERATE_INFOPLIST_FILE = YES;
				INFOPLIST_FILE = WorldTrotter/Info.plist;
				INFOPLIST_KEY_UIApplicationSupportsIndirectInputEvents = YES;
				INFOPLIST_KEY_UILaunchStoryboardName = LaunchScreen;
				INFOPLIST_KEY_UIMainStoryboardFile = Main;
				INFOPLIST_KEY_UISupportedInterfaceOrientations_iPad = "UIInterfaceOrientationPortrait UIInterfaceOrientationPortraitUpsideDown UIInterfaceOrientationLandscapeLeft UIInterfaceOrientationLandscapeRight";
				INFOPLIST_KEY_UISupportedInterfaceOrientations_iPhone = "UIInterfaceOrientationPortrait UIInterfaceOrientationLandscapeLeft UIInterfaceOrientationLandscapeRight";
				LD_RUNPATH_SEARCH_PATHS = (
					"$(inherited)",
					"@executable_path/Frameworks",
				);
				MARKETING_VERSION = 1.0;
				PRODUCT_BUNDLE_IDENTIFIER = com.sontran.WorldTrotter;
				PRODUCT_NAME = "$(TARGET_NAME)";
				SWIFT_EMIT_LOC_STRINGS = YES;
				SWIFT_VERSION = 5.0;
				TARGETED_DEVICE_FAMILY = "1,2";
			};
			name = Release;
		};
		D39EDE2D2A35B92C00000AC3 /* Debug */ = {
			isa = XCBuildConfiguration;
			buildSettings = {
				ALWAYS_EMBED_SWIFT_STANDARD_LIBRARIES = YES;
				BUNDLE_LOADER = "$(TEST_HOST)";
				CODE_SIGN_STYLE = Automatic;
				CURRENT_PROJECT_VERSION = 1;
				DEVELOPMENT_TEAM = KV5QRVBUC3;
				GENERATE_INFOPLIST_FILE = YES;
				IPHONEOS_DEPLOYMENT_TARGET = 16.4;
				MARKETING_VERSION = 1.0;
				PRODUCT_BUNDLE_IDENTIFIER = com.sontran.WorldTrotterTests;
				PRODUCT_NAME = "$(TARGET_NAME)";
				SWIFT_EMIT_LOC_STRINGS = NO;
				SWIFT_VERSION = 5.0;
				TARGETED_DEVICE_FAMILY = "1,2";
				TEST_HOST = "$(BUILT_PRODUCTS_DIR)/WorldTrotter.app/$(BUNDLE_EXECUTABLE_FOLDER_PATH)/WorldTrotter";
			};
			name = Debug;
		};
		D39EDE2E2A35B92C00000AC3 /* Release */ = {
			isa = XCBuildConfiguration;
			buildSettings = {
				ALWAYS_EMBED_SWIFT_STANDARD_LIBRARIES = YES;
				BUNDLE_LOADER = "$(TEST_HOST)";
				CODE_SIGN_STYLE = Automatic;
				CURRENT_PROJECT_VERSION = 1;
				DEVELOPMENT_TEAM = KV5QRVBUC3;
				GENERATE_INFOPLIST_FILE = YES;
				IPHONEOS_DEPLOYMENT_TARGET = 16.4;
				MARKETING_VERSION = 1.0;
				PRODUCT_BUNDLE_IDENTIFIER = com.sontran.WorldTrotterTests;
				PRODUCT_NAME = "$(TARGET_NAME)";
				SWIFT_EMIT_LOC_STRINGS = NO;
				SWIFT_VERSION = 5.0;
				TARGETED_DEVICE_FAMILY = "1,2";
				TEST_HOST = "$(BUILT_PRODUCTS_DIR)/WorldTrotter.app/$(BUNDLE_EXECUTABLE_FOLDER_PATH)/WorldTrotter";
			};
			name = Release;
		};
		D39EDE302A35B92C00000AC3 /* Debug */ = {
			isa = XCBuildConfiguration;
			buildSettings = {
				ALWAYS_EMBED_SWIFT_STANDARD_LIBRARIES = YES;
				CODE_SIGN_STYLE = Automatic;
				CURRENT_PROJECT_VERSION = 1;
				DEVELOPMENT_TEAM = KV5QRVBUC3;
				GENERATE_INFOPLIST_FILE = YES;
				MARKETING_VERSION = 1.0;
				PRODUCT_BUNDLE_IDENTIFIER = com.sontran.WorldTrotterUITests;
				PRODUCT_NAME = "$(TARGET_NAME)";
				SWIFT_EMIT_LOC_STRINGS = NO;
				SWIFT_VERSION = 5.0;
				TARGETED_DEVICE_FAMILY = "1,2";
				TEST_TARGET_NAME = WorldTrotter;
			};
			name = Debug;
		};
		D39EDE312A35B92C00000AC3 /* Release */ = {
			isa = XCBuildConfiguration;
			buildSettings = {
				ALWAYS_EMBED_SWIFT_STANDARD_LIBRARIES = YES;
				CODE_SIGN_STYLE = Automatic;
				CURRENT_PROJECT_VERSION = 1;
				DEVELOPMENT_TEAM = KV5QRVBUC3;
				GENERATE_INFOPLIST_FILE = YES;
				MARKETING_VERSION = 1.0;
				PRODUCT_BUNDLE_IDENTIFIER = com.sontran.WorldTrotterUITests;
				PRODUCT_NAME = "$(TARGET_NAME)";
				SWIFT_EMIT_LOC_STRINGS = NO;
				SWIFT_VERSION = 5.0;
				TARGETED_DEVICE_FAMILY = "1,2";
				TEST_TARGET_NAME = WorldTrotter;
			};
			name = Release;
		};
/* End XCBuildConfiguration section */

/* Begin XCConfigurationList section */
		D39EDDFA2A35B92A00000AC3 /* Build configuration list for PBXProject "WorldTrotter" */ = {
			isa = XCConfigurationList;
			buildConfigurations = (
				D39EDE272A35B92C00000AC3 /* Debug */,
				D39EDE282A35B92C00000AC3 /* Release */,
			);
			defaultConfigurationIsVisible = 0;
			defaultConfigurationName = Release;
		};
		D39EDE292A35B92C00000AC3 /* Build configuration list for PBXNativeTarget "WorldTrotter" */ = {
			isa = XCConfigurationList;
			buildConfigurations = (
				D39EDE2A2A35B92C00000AC3 /* Debug */,
				D39EDE2B2A35B92C00000AC3 /* Release */,
			);
			defaultConfigurationIsVisible = 0;
			defaultConfigurationName = Release;
		};
		D39EDE2C2A35B92C00000AC3 /* Build configuration list for PBXNativeTarget "WorldTrotterTests" */ = {
			isa = XCConfigurationList;
			buildConfigurations = (
				D39EDE2D2A35B92C00000AC3 /* Debug */,
				D39EDE2E2A35B92C00000AC3 /* Release */,
			);
			defaultConfigurationIsVisible = 0;
			defaultConfigurationName = Release;
		};
		D39EDE2F2A35B92C00000AC3 /* Build configuration list for PBXNativeTarget "WorldTrotterUITests" */ = {
			isa = XCConfigurationList;
			buildConfigurations = (
				D39EDE302A35B92C00000AC3 /* Debug */,
				D39EDE312A35B92C00000AC3 /* Release */,
			);
			defaultConfigurationIsVisible = 0;
			defaultConfigurationName = Release;
		};
/* End XCConfigurationList section */
	};
	rootObject = D39EDDF72A35B92A00000AC3 /* Project object */;
}
